
Microsoft Visual Studio Solution File, Format Version 12.00
# Visual Studio Version 16
VisualStudioVersion = 16.0.28714.193
MinimumVisualStudioVersion = 10.0.40219.1
Project("{2150E333-8FDC-42A3-9474-1A3956D46DE8}") = "global", "global", "{6958E67D-7725-4111-80C0-65D59201D54D}"
	ProjectSection(SolutionItems) = preProject
		.dockerignore = .dockerignore
		.editorconfig = .editorconfig
		.gitignore = .gitignore
		.vsconfig = .vsconfig
		analyzers.props = analyzers.props
		src\Directory.Build.props = src\Directory.Build.props
		global.json = global.json
		LICENSE = LICENSE
		README.md = README.md
		VueTemplate.ruleset = VueTemplate.ruleset
	EndProjectSection
EndProject
Project("{2150E333-8FDC-42A3-9474-1A3956D46DE8}") = "src", "src", "{B8E35FA3-A211-48CC-AE6D-C837D07D269A}"
EndProject
Project("{9A19103F-16F7-4668-BE54-9A1E7A4F7556}") = "VueTemplate.Web", "src\VueTemplate.Web\VueTemplate.Web.csproj", "{01DCB34F-4E99-4355-9D61-6D51FD78ABD1}"
EndProject
Project("{2150E333-8FDC-42A3-9474-1A3956D46DE8}") = "infrastructure", "infrastructure", "{47DCB2BC-54E2-42B5-AEBB-6BE192F455E7}"
EndProject
Project("{E53339B2-1760-4266-BCC7-CA923CBCF16C}") = "production", "infrastructure\production\production.dcproj", "{171E756B-5F3B-4A23-872B-BF601CEB6BEA}"
EndProject
Global
	GlobalSection(SolutionConfigurationPlatforms) = preSolution
		Debug|Any CPU = Debug|Any CPU
		Release|Any CPU = Release|Any CPU
	EndGlobalSection
	GlobalSection(ProjectConfigurationPlatforms) = postSolution
		{01DCB34F-4E99-4355-9D61-6D51FD78ABD1}.Debug|Any CPU.ActiveCfg = Debug|Any CPU
		{01DCB34F-4E99-4355-9D61-6D51FD78ABD1}.Debug|Any CPU.Build.0 = Debug|Any CPU
		{01DCB34F-4E99-4355-9D61-6D51FD78ABD1}.Release|Any CPU.ActiveCfg = Release|Any CPU
		{01DCB34F-4E99-4355-9D61-6D51FD78ABD1}.Release|Any CPU.Build.0 = Release|Any CPU
		{171E756B-5F3B-4A23-872B-BF601CEB6BEA}.Debug|Any CPU.ActiveCfg = Debug|Any CPU
		{171E756B-5F3B-4A23-872B-BF601CEB6BEA}.Debug|Any CPU.Build.0 = Debug|Any CPU
		{171E756B-5F3B-4A23-872B-BF601CEB6BEA}.Release|Any CPU.ActiveCfg = Release|Any CPU
		{171E756B-5F3B-4A23-872B-BF601CEB6BEA}.Release|Any CPU.Build.0 = Release|Any CPU
	EndGlobalSection
	GlobalSection(SolutionProperties) = preSolution
		HideSolutionNode = FALSE
	EndGlobalSection
	GlobalSection(NestedProjects) = preSolution
		{01DCB34F-4E99-4355-9D61-6D51FD78ABD1} = {B8E35FA3-A211-48CC-AE6D-C837D07D269A}
		{171E756B-5F3B-4A23-872B-BF601CEB6BEA} = {47DCB2BC-54E2-42B5-AEBB-6BE192F455E7}
	EndGlobalSection
	GlobalSection(ExtensibilityGlobals) = postSolution
		SolutionGuid = {6137A75B-60E7-4F45-A2E2-A16F3A091342}
	EndGlobalSection
EndGlobal
